{
  "name": "brave",
  "version": "1.69.84",
  "lockfileVersion": 2,
  "requires": true,
  "packages": {
    "": {
      "name": "brave",
      "version": "1.69.48",
      "license": "MPL-2.0",
      "dependencies": {
        "@types/webtorrent": "^0.109.8",
        "chalk": "4.1.2"
      }
    },
    "node_modules/@types/bittorrent-protocol": {
      "version": "3.1.6",
      "resolved": "https://registry.npmjs.org/@types/bittorrent-protocol/-/bittorrent-protocol-3.1.6.tgz",
      "integrity": "sha512-hqiRctJX9t9kknr6nn0q7UlcWHKvw2gSnPc/4jxt7Q/T0RP9txNv27Djue9ZjCNlAJ+irqAnCxtb+TcSpMyhtA==",
      "license": "MIT",
      "dependencies": {
        "@types/node": "*"
      }
    },
    "node_modules/@types/magnet-uri": {
      "version": "5.1.5",
      "resolved": "https://registry.npmjs.org/@types/magnet-uri/-/magnet-uri-5.1.5.tgz",
      "integrity": "sha512-SbBjlb1KGe38VfjRR+mwqztJd/4skhdKkRbIzPDhTy7IAeEAPZWIVSEkZw00Qr4ZZOGR3/ATJ20WWPBfrKHGdA==",
      "license": "MIT",
      "dependencies": {
        "@types/node": "*"
      }
    },
    "node_modules/@types/node": {
      "version": "20.14.9",
      "resolved": "https://registry.npmjs.org/@types/node/-/node-20.14.9.tgz",
      "integrity": "sha512-06OCtnTXtWOZBJlRApleWndH4JsRVs1pDCc8dLSQp+7PpUpX3ePdHyeNSFTeSe7FtKyQkrlPvHwJOW3SLd8Oyg==",
      "license": "MIT",
      "dependencies": {
        "undici-types": "~5.26.4"
      }
    },
    "node_modules/@types/parse-torrent": {
      "version": "5.8.7",
      "resolved": "https://registry.npmjs.org/@types/parse-torrent/-/parse-torrent-5.8.7.tgz",
      "integrity": "sha512-vZtYe450hO+KL7B5fejM8CHWg1LPZKeVXlolphPsWf6n4H0ZUlI6ICbqHoaFmH7JQmU2yRbGgyvqqizdFuGPFQ==",
      "license": "MIT",
      "dependencies": {
        "@types/magnet-uri": "*",
        "@types/node": "*",
        "@types/parse-torrent-file": "*"
      }
    },
    "node_modules/@types/parse-torrent-file": {
      "version": "4.0.6",
      "resolved": "https://registry.npmjs.org/@types/parse-torrent-file/-/parse-torrent-file-4.0.6.tgz",
      "integrity": "sha512-SxqVth0Iv0WuEkqWS5MaY4S4Tlyi+QHkElQREvsUPw2xHcPgKyQ2dkJRRv5vAxmLzH+tnMdOj1Nws/wsenbzUw==",
      "license": "MIT",
      "dependencies": {
        "@types/node": "*"
      }
    },
    "node_modules/@types/simple-peer": {
      "version": "9.11.8",
      "resolved": "https://registry.npmjs.org/@types/simple-peer/-/simple-peer-9.11.8.tgz",
      "integrity": "sha512-rvqefdp2rvIA6wiomMgKWd2UZNPe6LM2EV5AuY3CPQJF+8TbdrL5TjYdMf0VAjGczzlkH4l1NjDkihwbj3Xodw==",
      "license": "MIT",
      "dependencies": {
        "@types/node": "*"
      }
    },
    "node_modules/@types/webtorrent": {
      "version": "0.109.8",
      "resolved": "https://registry.npmjs.org/@types/webtorrent/-/webtorrent-0.109.8.tgz",
      "integrity": "sha512-Ms8xQNWioakNmWCEI7P4upO76KfbjZ8iszWWdNfq2iS02CKz9s5nzdRp9eb53aMvjgqNYqMw/jZ6yhIJwOc4HQ==",
      "license": "MIT",
      "dependencies": {
        "@types/bittorrent-protocol": "*",
        "@types/node": "*",
        "@types/parse-torrent": "*",
        "@types/simple-peer": "*"
      }
    },
    "node_modules/ansi-styles": {
      "version": "4.3.0",
      "resolved": "https://registry.npmjs.org/ansi-styles/-/ansi-styles-4.3.0.tgz",
      "integrity": "sha512-zbB9rCJAT1rbjiVDb2hqKFHNYLxgtk8NURxZ3IZwD3F6NtxbXZQCnnSi1Lkx+IDohdPlFp222wVALIheZJQSEg==",
      "dependencies": {
        "color-convert": "^2.0.1"
      },
      "engines": {
        "node": ">=8"
      },
      "funding": {
        "url": "https://github.com/chalk/ansi-styles?sponsor=1"
      }
    },
    "node_modules/chalk": {
      "version": "4.1.2",
      "resolved": "https://registry.npmjs.org/chalk/-/chalk-4.1.2.tgz",
      "integrity": "sha512-oKnbhFyRIXpUuez8iBMmyEa4nbj4IOQyuhc/wy9kY7/WVPcwIO9VA668Pu8RkO7+0G76SLROeyw9CpQ061i4mA==",
      "dependencies": {
        "ansi-styles": "^4.1.0",
        "supports-color": "^7.1.0"
      },
      "engines": {
        "node": ">=10"
      },
      "funding": {
        "url": "https://github.com/chalk/chalk?sponsor=1"
      }
    },
    "node_modules/color-convert": {
      "version": "2.0.1",
      "resolved": "https://registry.npmjs.org/color-convert/-/color-convert-2.0.1.tgz",
      "integrity": "sha512-RRECPsj7iu/xb5oKYcsFHSppFNnsj/52OVTRKb4zP5onXwVF3zVmmToNcOfGC+CRDpfK/U584fMg38ZHCaElKQ==",
      "dependencies": {
        "color-name": "~1.1.4"
      },
      "engines": {
        "node": ">=7.0.0"
      }
    },
    "node_modules/color-name": {
      "version": "1.1.4",
      "resolved": "https://registry.npmjs.org/color-name/-/color-name-1.1.4.tgz",
      "integrity": "sha512-dOy+3AuW3a2wNbZHIuMZpTcgjGuLU/uBL/ubcZF9OXbDo8ff4O8yVp5Bf0efS8uEoYo5q4Fx7dY9OgQGXgAsQA=="
    },
    "node_modules/has-flag": {
      "version": "4.0.0",
      "resolved": "https://registry.npmjs.org/has-flag/-/has-flag-4.0.0.tgz",
      "integrity": "sha512-EykJT/Q1KjTWctppgIAgfSO0tKVuZUjhgMr17kqTumMl6Afv3EISleU7qZUzoXDFTAHTDC4NOoG/ZxU3EvlMPQ==",
      "engines": {
        "node": ">=8"
      }
    },
    "node_modules/supports-color": {
      "version": "7.2.0",
      "resolved": "https://registry.npmjs.org/supports-color/-/supports-color-7.2.0.tgz",
      "integrity": "sha512-qpCAvRl9stuOHveKsn7HncJRvv501qIacKzQlO/+Lwxc9+0q2wLyv4Dfvt80/DPn2pqOBsJdDiogXGR9+OvwRw==",
      "dependencies": {
        "has-flag": "^4.0.0"
      },
      "engines": {
        "node": ">=8"
      }
    },
    "node_modules/undici-types": {
      "version": "5.26.5",
      "resolved": "https://registry.npmjs.org/undici-types/-/undici-types-5.26.5.tgz",
      "integrity": "sha512-JlCMO+ehdEIKqlFxk6IfVoAUVmgz7cU7zD/h9XZ0qzeosSHmUJVOzSQvvYSYWXkFXC+IfLKSIffhv0sVZup6pA==",
      "license": "MIT"
    }
  },
  "dependencies": {
    "@types/bittorrent-protocol": {
      "version": "3.1.6",
      "resolved": "https://registry.npmjs.org/@types/bittorrent-protocol/-/bittorrent-protocol-3.1.6.tgz",
      "integrity": "sha512-hqiRctJX9t9kknr6nn0q7UlcWHKvw2gSnPc/4jxt7Q/T0RP9txNv27Djue9ZjCNlAJ+irqAnCxtb+TcSpMyhtA==",
      "requires": {
        "@types/node": "*"
      }
    },
    "@types/magnet-uri": {
      "version": "5.1.5",
      "resolved": "https://registry.npmjs.org/@types/magnet-uri/-/magnet-uri-5.1.5.tgz",
      "integrity": "sha512-SbBjlb1KGe38VfjRR+mwqztJd/4skhdKkRbIzPDhTy7IAeEAPZWIVSEkZw00Qr4ZZOGR3/ATJ20WWPBfrKHGdA==",
      "requires": {
        "@types/node": "*"
      }
    },
    "@types/node": {
      "version": "20.14.9",
      "resolved": "https://registry.npmjs.org/@types/node/-/node-20.14.9.tgz",
      "integrity": "sha512-06OCtnTXtWOZBJlRApleWndH4JsRVs1pDCc8dLSQp+7PpUpX3ePdHyeNSFTeSe7FtKyQkrlPvHwJOW3SLd8Oyg==",
      "requires": {
        "undici-types": "~5.26.4"
      }
    },
    "@types/parse-torrent": {
      "version": "5.8.7",
      "resolved": "https://registry.npmjs.org/@types/parse-torrent/-/parse-torrent-5.8.7.tgz",
      "integrity": "sha512-vZtYe450hO+KL7B5fejM8CHWg1LPZKeVXlolphPsWf6n4H0ZUlI6ICbqHoaFmH7JQmU2yRbGgyvqqizdFuGPFQ==",
      "requires": {
        "@types/magnet-uri": "*",
        "@types/node": "*",
        "@types/parse-torrent-file": "*"
      }
    },
    "@types/parse-torrent-file": {
      "version": "4.0.6",
      "resolved": "https://registry.npmjs.org/@types/parse-torrent-file/-/parse-torrent-file-4.0.6.tgz",
      "integrity": "sha512-SxqVth0Iv0WuEkqWS5MaY4S4Tlyi+QHkElQREvsUPw2xHcPgKyQ2dkJRRv5vAxmLzH+tnMdOj1Nws/wsenbzUw==",
      "requires": {
        "@types/node": "*"
      }
    },
    "@types/simple-peer": {
      "version": "9.11.8",
      "resolved": "https://registry.npmjs.org/@types/simple-peer/-/simple-peer-9.11.8.tgz",
      "integrity": "sha512-rvqefdp2rvIA6wiomMgKWd2UZNPe6LM2EV5AuY3CPQJF+8TbdrL5TjYdMf0VAjGczzlkH4l1NjDkihwbj3Xodw==",
      "requires": {
        "@types/node": "*"
      }
    },
    "@types/webtorrent": {
      "version": "0.109.8",
      "resolved": "https://registry.npmjs.org/@types/webtorrent/-/webtorrent-0.109.8.tgz",
      "integrity": "sha512-Ms8xQNWioakNmWCEI7P4upO76KfbjZ8iszWWdNfq2iS02CKz9s5nzdRp9eb53aMvjgqNYqMw/jZ6yhIJwOc4HQ==",
      "requires": {
        "@types/bittorrent-protocol": "*",
        "@types/node": "*",
        "@types/parse-torrent": "*",
        "@types/simple-peer": "*"
      }
    },
    "ansi-styles": {
      "version": "4.3.0",
      "resolved": "https://registry.npmjs.org/ansi-styles/-/ansi-styles-4.3.0.tgz",
      "integrity": "sha512-zbB9rCJAT1rbjiVDb2hqKFHNYLxgtk8NURxZ3IZwD3F6NtxbXZQCnnSi1Lkx+IDohdPlFp222wVALIheZJQSEg==",
      "requires": {
        "color-convert": "^2.0.1"
      }
    },
    "chalk": {
      "version": "4.1.2",
      "resolved": "https://registry.npmjs.org/chalk/-/chalk-4.1.2.tgz",
      "integrity": "sha512-oKnbhFyRIXpUuez8iBMmyEa4nbj4IOQyuhc/wy9kY7/WVPcwIO9VA668Pu8RkO7+0G76SLROeyw9CpQ061i4mA==",
      "requires": {
        "ansi-styles": "^4.1.0",
        "supports-color": "^7.1.0"
      }
    },
    "color-convert": {
      "version": "2.0.1",
      "resolved": "https://registry.npmjs.org/color-convert/-/color-convert-2.0.1.tgz",
      "integrity": "sha512-RRECPsj7iu/xb5oKYcsFHSppFNnsj/52OVTRKb4zP5onXwVF3zVmmToNcOfGC+CRDpfK/U584fMg38ZHCaElKQ==",
      "requires": {
        "color-name": "~1.1.4"
      }
    },
    "color-name": {
      "version": "1.1.4",
      "resolved": "https://registry.npmjs.org/color-name/-/color-name-1.1.4.tgz",
      "integrity": "sha512-dOy+3AuW3a2wNbZHIuMZpTcgjGuLU/uBL/ubcZF9OXbDo8ff4O8yVp5Bf0efS8uEoYo5q4Fx7dY9OgQGXgAsQA=="
    },
    "has-flag": {
      "version": "4.0.0",
      "resolved": "https://registry.npmjs.org/has-flag/-/has-flag-4.0.0.tgz",
      "integrity": "sha512-EykJT/Q1KjTWctppgIAgfSO0tKVuZUjhgMr17kqTumMl6Afv3EISleU7qZUzoXDFTAHTDC4NOoG/ZxU3EvlMPQ=="
    },
    "supports-color": {
      "version": "7.2.0",
      "resolved": "https://registry.npmjs.org/supports-color/-/supports-color-7.2.0.tgz",
      "integrity": "sha512-qpCAvRl9stuOHveKsn7HncJRvv501qIacKzQlO/+Lwxc9+0q2wLyv4Dfvt80/DPn2pqOBsJdDiogXGR9+OvwRw==",
      "requires": {
        "has-flag": "^4.0.0"
      }
    },
    "undici-types": {
      "version": "5.26.5",
      "resolved": "https://registry.npmjs.org/undici-types/-/undici-types-5.26.5.tgz",
      "integrity": "sha512-JlCMO+ehdEIKqlFxk6IfVoAUVmgz7cU7zD/h9XZ0qzeosSHmUJVOzSQvvYSYWXkFXC+IfLKSIffhv0sVZup6pA=="
    }
  }
}
